
Microsoft Visual Studio Solution File, Format Version 12.00
# Visual Studio 15
VisualStudioVersion = 15.0.26124.0
MinimumVisualStudioVersion = 15.0.26124.0
Project("{FAE04EC0-301F-11D3-BF4B-00C04F79EFBC}") = "Thundershock", "Thundershock\Thundershock.csproj", "{DB7A0E17-79B1-41FA-904E-C67D51A5C75A}"
EndProject
Project("{FAE04EC0-301F-11D3-BF4B-00C04F79EFBC}") = "Thundershock.Core", "Thundershock.Core\Thundershock.Core.csproj", "{8356F660-0D1F-460B-B2F6-BA58BF229BD1}"
EndProject
Project("{FAE04EC0-301F-11D3-BF4B-00C04F79EFBC}") = "Thundershock.Platform", "Thundershock.Platform\Thundershock.Platform.csproj", "{FC455840-2211-4B5D-97D9-52B665C1CB47}"
EndProject
Project("{FAE04EC0-301F-11D3-BF4B-00C04F79EFBC}") = "Thundershock.OpenGL", "Thundershock.OpenGL\Thundershock.OpenGL.csproj", "{A7822A11-3EF9-456A-B4D9-86F2D50B2B34}"
EndProject
Global
	GlobalSection(SolutionConfigurationPlatforms) = preSolution
		Debug|Any CPU = Debug|Any CPU
		Debug|x64 = Debug|x64
		Debug|x86 = Debug|x86
		Release|Any CPU = Release|Any CPU
		Release|x64 = Release|x64
		Release|x86 = Release|x86
	EndGlobalSection
	GlobalSection(SolutionProperties) = preSolution
		HideSolutionNode = FALSE
	EndGlobalSection
	GlobalSection(ProjectConfigurationPlatforms) = postSolution
		{DB7A0E17-79B1-41FA-904E-C67D51A5C75A}.Debug|Any CPU.ActiveCfg = Debug|Any CPU
		{DB7A0E17-79B1-41FA-904E-C67D51A5C75A}.Debug|Any CPU.Build.0 = Debug|Any CPU
		{DB7A0E17-79B1-41FA-904E-C67D51A5C75A}.Debug|x64.ActiveCfg = Debug|Any CPU
		{DB7A0E17-79B1-41FA-904E-C67D51A5C75A}.Debug|x64.Build.0 = Debug|Any CPU
		{DB7A0E17-79B1-41FA-904E-C67D51A5C75A}.Debug|x86.ActiveCfg = Debug|Any CPU
		{DB7A0E17-79B1-41FA-904E-C67D51A5C75A}.Debug|x86.Build.0 = Debug|Any CPU
		{DB7A0E17-79B1-41FA-904E-C67D51A5C75A}.Release|Any CPU.ActiveCfg = Release|Any CPU
		{DB7A0E17-79B1-41FA-904E-C67D51A5C75A}.Release|Any CPU.Build.0 = Release|Any CPU
		{DB7A0E17-79B1-41FA-904E-C67D51A5C75A}.Release|x64.ActiveCfg = Release|Any CPU
		{DB7A0E17-79B1-41FA-904E-C67D51A5C75A}.Release|x64.Build.0 = Release|Any CPU
		{DB7A0E17-79B1-41FA-904E-C67D51A5C75A}.Release|x86.ActiveCfg = Release|Any CPU
		{DB7A0E17-79B1-41FA-904E-C67D51A5C75A}.Release|x86.Build.0 = Release|Any CPU
		{8356F660-0D1F-460B-B2F6-BA58BF229BD1}.Debug|Any CPU.ActiveCfg = Debug|Any CPU
		{8356F660-0D1F-460B-B2F6-BA58BF229BD1}.Debug|Any CPU.Build.0 = Debug|Any CPU
		{8356F660-0D1F-460B-B2F6-BA58BF229BD1}.Debug|x64.ActiveCfg = Debug|Any CPU
		{8356F660-0D1F-460B-B2F6-BA58BF229BD1}.Debug|x64.Build.0 = Debug|Any CPU
		{8356F660-0D1F-460B-B2F6-BA58BF229BD1}.Debug|x86.ActiveCfg = Debug|Any CPU
		{8356F660-0D1F-460B-B2F6-BA58BF229BD1}.Debug|x86.Build.0 = Debug|Any CPU
		{8356F660-0D1F-460B-B2F6-BA58BF229BD1}.Release|Any CPU.ActiveCfg = Release|Any CPU
		{8356F660-0D1F-460B-B2F6-BA58BF229BD1}.Release|Any CPU.Build.0 = Release|Any CPU
		{8356F660-0D1F-460B-B2F6-BA58BF229BD1}.Release|x64.ActiveCfg = Release|Any CPU
		{8356F660-0D1F-460B-B2F6-BA58BF229BD1}.Release|x64.Build.0 = Release|Any CPU
		{8356F660-0D1F-460B-B2F6-BA58BF229BD1}.Release|x86.ActiveCfg = Release|Any CPU
		{8356F660-0D1F-460B-B2F6-BA58BF229BD1}.Release|x86.Build.0 = Release|Any CPU
		{FC455840-2211-4B5D-97D9-52B665C1CB47}.Debug|Any CPU.ActiveCfg = Debug|Any CPU
		{FC455840-2211-4B5D-97D9-52B665C1CB47}.Debug|Any CPU.Build.0 = Debug|Any CPU
		{FC455840-2211-4B5D-97D9-52B665C1CB47}.Debug|x64.ActiveCfg = Debug|Any CPU
		{FC455840-2211-4B5D-97D9-52B665C1CB47}.Debug|x64.Build.0 = Debug|Any CPU
		{FC455840-2211-4B5D-97D9-52B665C1CB47}.Debug|x86.ActiveCfg = Debug|Any CPU
		{FC455840-2211-4B5D-97D9-52B665C1CB47}.Debug|x86.Build.0 = Debug|Any CPU
		{FC455840-2211-4B5D-97D9-52B665C1CB47}.Release|Any CPU.ActiveCfg = Release|Any CPU
		{FC455840-2211-4B5D-97D9-52B665C1CB47}.Release|Any CPU.Build.0 = Release|Any CPU
		{FC455840-2211-4B5D-97D9-52B665C1CB47}.Release|x64.ActiveCfg = Release|Any CPU
		{FC455840-2211-4B5D-97D9-52B665C1CB47}.Release|x64.Build.0 = Release|Any CPU
		{FC455840-2211-4B5D-97D9-52B665C1CB47}.Release|x86.ActiveCfg = Release|Any CPU
		{FC455840-2211-4B5D-97D9-52B665C1CB47}.Release|x86.Build.0 = Release|Any CPU
		{A7822A11-3EF9-456A-B4D9-86F2D50B2B34}.Debug|Any CPU.ActiveCfg = Debug|Any CPU
		{A7822A11-3EF9-456A-B4D9-86F2D50B2B34}.Debug|Any CPU.Build.0 = Debug|Any CPU
		{A7822A11-3EF9-456A-B4D9-86F2D50B2B34}.Debug|x64.ActiveCfg = Debug|Any CPU
		{A7822A11-3EF9-456A-B4D9-86F2D50B2B34}.Debug|x64.Build.0 = Debug|Any CPU
		{A7822A11-3EF9-456A-B4D9-86F2D50B2B34}.Debug|x86.ActiveCfg = Debug|Any CPU
		{A7822A11-3EF9-456A-B4D9-86F2D50B2B34}.Debug|x86.Build.0 = Debug|Any CPU
		{A7822A11-3EF9-456A-B4D9-86F2D50B2B34}.Release|Any CPU.ActiveCfg = Release|Any CPU
		{A7822A11-3EF9-456A-B4D9-86F2D50B2B34}.Release|Any CPU.Build.0 = Release|Any CPU
		{A7822A11-3EF9-456A-B4D9-86F2D50B2B34}.Release|x64.ActiveCfg = Release|Any CPU
		{A7822A11-3EF9-456A-B4D9-86F2D50B2B34}.Release|x64.Build.0 = Release|Any CPU
		{A7822A11-3EF9-456A-B4D9-86F2D50B2B34}.Release|x86.ActiveCfg = Release|Any CPU
		{A7822A11-3EF9-456A-B4D9-86F2D50B2B34}.Release|x86.Build.0 = Release|Any CPU
	EndGlobalSection
EndGlobal
